
Microsoft Visual Studio Solution File, Format Version 12.00
# Visual Studio Version 17
VisualStudioVersion = 17.3.32825.248
MinimumVisualStudioVersion = 10.0.40219.1
Project("{FAE04EC0-301F-11D3-BF4B-00C04F79EFBC}") = "ExtensionTask", "ExtensionTask\ExtensionTask.csproj", "{8AECF85C-FCBB-4E6B-BD28-755DFA57DB29}"
EndProject
Global
	GlobalSection(SolutionConfigurationPlatforms) = preSolution
		Debug|Any CPU = Debug|Any CPU
		Release|Any CPU = Release|Any CPU
	EndGlobalSection
	GlobalSection(ProjectConfigurationPlatforms) = postSolution
		{8AECF85C-FCBB-4E6B-BD28-755DFA57DB29}.Debug|Any CPU.ActiveCfg = Debug|Any CPU
		{8AECF85C-FCBB-4E6B-BD28-755DFA57DB29}.Debug|Any CPU.Build.0 = Debug|Any CPU
		{8AECF85C-FCBB-4E6B-BD28-755DFA57DB29}.Release|Any CPU.ActiveCfg = Release|Any CPU
		{8AECF85C-FCBB-4E6B-BD28-755DFA57DB29}.Release|Any CPU.Build.0 = Release|Any CPU
	EndGlobalSection
	GlobalSection(SolutionProperties) = preSolution
		HideSolutionNode = FALSE
	EndGlobalSection
	GlobalSection(ExtensibilityGlobals) = postSolution
		SolutionGuid = {5BA8BA59-8444-4BEB-B840-CA4C184FBDF2}
	EndGlobalSection
EndGlobal
