
Microsoft Visual Studio Solution File, Format Version 12.00
# Visual Studio Version 17
VisualStudioVersion = 17.3.32825.248
MinimumVisualStudioVersion = 10.0.40219.1
Project("{FAE04EC0-301F-11D3-BF4B-00C04F79EFBC}") = "FuelCalculator", "FuelCalculator\FuelCalculator.csproj", "{998A7586-4F97-4394-8B7C-76168C7D2ED0}"
EndProject
Global
	GlobalSection(SolutionConfigurationPlatforms) = preSolution
		Debug|Any CPU = Debug|Any CPU
		Release|Any CPU = Release|Any CPU
	EndGlobalSection
	GlobalSection(ProjectConfigurationPlatforms) = postSolution
		{998A7586-4F97-4394-8B7C-76168C7D2ED0}.Debug|Any CPU.ActiveCfg = Debug|Any CPU
		{998A7586-4F97-4394-8B7C-76168C7D2ED0}.Debug|Any CPU.Build.0 = Debug|Any CPU
		{998A7586-4F97-4394-8B7C-76168C7D2ED0}.Release|Any CPU.ActiveCfg = Release|Any CPU
		{998A7586-4F97-4394-8B7C-76168C7D2ED0}.Release|Any CPU.Build.0 = Release|Any CPU
	EndGlobalSection
	GlobalSection(SolutionProperties) = preSolution
		HideSolutionNode = FALSE
	EndGlobalSection
	GlobalSection(ExtensibilityGlobals) = postSolution
		SolutionGuid = {8B6122B9-8861-4D16-9CDD-4B7C12E0E2BF}
	EndGlobalSection
EndGlobal
