
Microsoft Visual Studio Solution File, Format Version 12.00
# Visual Studio Version 17
VisualStudioVersion = 17.3.32825.248
MinimumVisualStudioVersion = 10.0.40219.1
Project("{FAE04EC0-301F-11D3-BF4B-00C04F79EFBC}") = "AccountBalance", "AccountBalance\AccountBalance.csproj", "{813A39FE-6AC2-4221-8AA3-2FA2ADB6D905}"
EndProject
Global
	GlobalSection(SolutionConfigurationPlatforms) = preSolution
		Debug|Any CPU = Debug|Any CPU
		Release|Any CPU = Release|Any CPU
	EndGlobalSection
	GlobalSection(ProjectConfigurationPlatforms) = postSolution
		{813A39FE-6AC2-4221-8AA3-2FA2ADB6D905}.Debug|Any CPU.ActiveCfg = Debug|Any CPU
		{813A39FE-6AC2-4221-8AA3-2FA2ADB6D905}.Debug|Any CPU.Build.0 = Debug|Any CPU
		{813A39FE-6AC2-4221-8AA3-2FA2ADB6D905}.Release|Any CPU.ActiveCfg = Release|Any CPU
		{813A39FE-6AC2-4221-8AA3-2FA2ADB6D905}.Release|Any CPU.Build.0 = Release|Any CPU
	EndGlobalSection
	GlobalSection(SolutionProperties) = preSolution
		HideSolutionNode = FALSE
	EndGlobalSection
	GlobalSection(ExtensibilityGlobals) = postSolution
		SolutionGuid = {4F5A9DA2-E1BC-4AD0-9FA6-D9D0A9DCDCF6}
	EndGlobalSection
EndGlobal
