
Microsoft Visual Studio Solution File, Format Version 12.00
# Visual Studio Version 17
VisualStudioVersion = 17.3.32825.248
MinimumVisualStudioVersion = 10.0.40219.1
Project("{FAE04EC0-301F-11D3-BF4B-00C04F79EFBC}") = "2022-10-10-Controls", "2022-10-10-Controls\2022-10-10-Controls.csproj", "{A623D1F9-4C12-47AB-96F8-06D6ED22657A}"
EndProject
Global
	GlobalSection(SolutionConfigurationPlatforms) = preSolution
		Debug|Any CPU = Debug|Any CPU
		Release|Any CPU = Release|Any CPU
	EndGlobalSection
	GlobalSection(ProjectConfigurationPlatforms) = postSolution
		{A623D1F9-4C12-47AB-96F8-06D6ED22657A}.Debug|Any CPU.ActiveCfg = Debug|Any CPU
		{A623D1F9-4C12-47AB-96F8-06D6ED22657A}.Debug|Any CPU.Build.0 = Debug|Any CPU
		{A623D1F9-4C12-47AB-96F8-06D6ED22657A}.Release|Any CPU.ActiveCfg = Release|Any CPU
		{A623D1F9-4C12-47AB-96F8-06D6ED22657A}.Release|Any CPU.Build.0 = Release|Any CPU
	EndGlobalSection
	GlobalSection(SolutionProperties) = preSolution
		HideSolutionNode = FALSE
	EndGlobalSection
	GlobalSection(ExtensibilityGlobals) = postSolution
		SolutionGuid = {81799F01-D063-47AD-B52E-1E4A483A664E}
	EndGlobalSection
EndGlobal
