
Microsoft Visual Studio Solution File, Format Version 12.00
# Visual Studio Version 17
VisualStudioVersion = 17.3.32825.248
MinimumVisualStudioVersion = 10.0.40219.1
Project("{FAE04EC0-301F-11D3-BF4B-00C04F79EFBC}") = "2022-10-11-Pizza", "2022-10-11-Pizza\2022-10-11-Pizza.csproj", "{05A222E7-28FC-42EA-B4BA-C53BBB7DE722}"
EndProject
Global
	GlobalSection(SolutionConfigurationPlatforms) = preSolution
		Debug|Any CPU = Debug|Any CPU
		Release|Any CPU = Release|Any CPU
	EndGlobalSection
	GlobalSection(ProjectConfigurationPlatforms) = postSolution
		{05A222E7-28FC-42EA-B4BA-C53BBB7DE722}.Debug|Any CPU.ActiveCfg = Debug|Any CPU
		{05A222E7-28FC-42EA-B4BA-C53BBB7DE722}.Debug|Any CPU.Build.0 = Debug|Any CPU
		{05A222E7-28FC-42EA-B4BA-C53BBB7DE722}.Release|Any CPU.ActiveCfg = Release|Any CPU
		{05A222E7-28FC-42EA-B4BA-C53BBB7DE722}.Release|Any CPU.Build.0 = Release|Any CPU
	EndGlobalSection
	GlobalSection(SolutionProperties) = preSolution
		HideSolutionNode = FALSE
	EndGlobalSection
	GlobalSection(ExtensibilityGlobals) = postSolution
		SolutionGuid = {02781D5B-14F7-4DF5-88BE-6EDD28A8A01E}
	EndGlobalSection
EndGlobal
